Microsoft Visual Studio Solution File, Format Version 12.00
# Visual Studio Version 17
VisualStudioVersion = 17.5.2.0
MinimumVisualStudioVersion = 10.0.40219.1
Project("{FAE04EC0-301F-11D3-BF4B-00C04F79EFBC}") = "MiniGames", "MiniGames.csproj", "{ABC70E92-22BC-B64B-3E88-05FAF862BDCB}"
EndProject
Global
	GlobalSection(SolutionConfigurationPlatforms) = preSolution
		Debug|Any CPU = Debug|Any CPU
		Release|Any CPU = Release|Any CPU
	EndGlobalSection
	GlobalSection(ProjectConfigurationPlatforms) = postSolution
		{ABC70E92-22BC-B64B-3E88-05FAF862BDCB}.Debug|Any CPU.ActiveCfg = Debug|Any CPU
		{ABC70E92-22BC-B64B-3E88-05FAF862BDCB}.Debug|Any CPU.Build.0 = Debug|Any CPU
		{ABC70E92-22BC-B64B-3E88-05FAF862BDCB}.Release|Any CPU.ActiveCfg = Release|Any CPU
		{ABC70E92-22BC-B64B-3E88-05FAF862BDCB}.Release|Any CPU.Build.0 = Release|Any CPU
	EndGlobalSection
	GlobalSection(SolutionProperties) = preSolution
		HideSolutionNode = FALSE
	EndGlobalSection
	GlobalSection(ExtensibilityGlobals) = postSolution
		SolutionGuid = {89433221-5942-4B9F-B443-CD2834B92ADC}
	EndGlobalSection
EndGlobal
